
Microsoft Visual Studio Solution File, Format Version 12.00
# Visual Studio 15
VisualStudioVersion = 15.0.26430.16
MinimumVisualStudioVersion = 10.0.40219.1
Project("{FAE04EC0-301F-11D3-BF4B-00C04F79EFBC}") = "Numbers1to100", "Numbers1to100\Numbers1to100.csproj", "{383A9881-BFFB-4314-BBB6-192DD481163B}"
EndProject
Project("{FAE04EC0-301F-11D3-BF4B-00C04F79EFBC}") = "Numbers ending in 7", "Numbers ending in 7\Numbers ending in 7.csproj", "{A9828F1F-71D2-4B04-AFFE-BB9BD6B4D560}"
EndProject
Project("{FAE04EC0-301F-11D3-BF4B-00C04F79EFBC}") = "Latin Letters", "Latin Letters\Latin Letters.csproj", "{AF555CE8-E876-4BC3-B9E4-9D0C03D23EEF}"
EndProject
Project("{FAE04EC0-301F-11D3-BF4B-00C04F79EFBC}") = "SumNumbers", "SumNumbers\SumNumbers.csproj", "{2569F33F-4B31-4546-9ABD-4C02A60B4F92}"
EndProject
Project("{FAE04EC0-301F-11D3-BF4B-00C04F79EFBC}") = "Max number", "Max number\Max number.csproj", "{B7E19A28-C7EE-4E5C-8FE4-A94FF5B5E8CA}"
EndProject
Project("{FAE04EC0-301F-11D3-BF4B-00C04F79EFBC}") = "Min Number", "Min Number\Min Number.csproj", "{01B6DC20-A89F-41EE-8254-A97E18FF996D}"
EndProject
Project("{FAE04EC0-301F-11D3-BF4B-00C04F79EFBC}") = "Left and Right Sum", "Left and Right Sum\Left and Right Sum.csproj", "{3A2A9E00-E87A-43B6-94A3-52841EE9F4B1}"
EndProject
Project("{FAE04EC0-301F-11D3-BF4B-00C04F79EFBC}") = "Odd Even Sum", "Odd Even Sum\Odd Even Sum.csproj", "{1E1B2E40-DE91-47D4-AC65-0592E8903B5B}"
EndProject
Project("{FAE04EC0-301F-11D3-BF4B-00C04F79EFBC}") = "Vowels Sum", "Vowels Sum\Vowels Sum.csproj", "{5E5FE207-E24F-43B5-A90D-07D6B7934139}"
EndProject
Project("{FAE04EC0-301F-11D3-BF4B-00C04F79EFBC}") = "Element equal to sum of the others", "Element equal to sum of the others\Element equal to sum of the others.csproj", "{A1036B97-01FD-4A4C-8516-29E631C02FE1}"
EndProject
Project("{FAE04EC0-301F-11D3-BF4B-00C04F79EFBC}") = "Even and Odd sum", "Even and Odd sum\Even and Odd sum.csproj", "{15A4AED6-7900-4610-900C-459F89E59A2E}"
EndProject
Project("{FAE04EC0-301F-11D3-BF4B-00C04F79EFBC}") = "Equal couples", "Equal couples\Equal couples.csproj", "{2A69A779-66F5-4E04-B812-45D705448041}"
EndProject
Project("{FAE04EC0-301F-11D3-BF4B-00C04F79EFBC}") = "Half Sum Element", "Half Sum Element\Half Sum Element.csproj", "{36F9AFC7-6595-4B38-A9FB-6465A95B485C}"
EndProject
Project("{FAE04EC0-301F-11D3-BF4B-00C04F79EFBC}") = "Odd Even Position", "Odd Even Position\Odd Even Position.csproj", "{3D7F56D8-9AF1-45E0-A3F6-0565EE7B901A}"
EndProject
Project("{FAE04EC0-301F-11D3-BF4B-00C04F79EFBC}") = "Equal Pairs", "Equal Pairs\Equal Pairs.csproj", "{F246803F-2496-4E7D-B33A-E03E950F95D0}"
EndProject
Global
	GlobalSection(SolutionConfigurationPlatforms) = preSolution
		Debug|Any CPU = Debug|Any CPU
		Release|Any CPU = Release|Any CPU
	EndGlobalSection
	GlobalSection(ProjectConfigurationPlatforms) = postSolution
		{383A9881-BFFB-4314-BBB6-192DD481163B}.Debug|Any CPU.ActiveCfg = Debug|Any CPU
		{383A9881-BFFB-4314-BBB6-192DD481163B}.Debug|Any CPU.Build.0 = Debug|Any CPU
		{383A9881-BFFB-4314-BBB6-192DD481163B}.Release|Any CPU.ActiveCfg = Release|Any CPU
		{383A9881-BFFB-4314-BBB6-192DD481163B}.Release|Any CPU.Build.0 = Release|Any CPU
		{A9828F1F-71D2-4B04-AFFE-BB9BD6B4D560}.Debug|Any CPU.ActiveCfg = Debug|Any CPU
		{A9828F1F-71D2-4B04-AFFE-BB9BD6B4D560}.Debug|Any CPU.Build.0 = Debug|Any CPU
		{A9828F1F-71D2-4B04-AFFE-BB9BD6B4D560}.Release|Any CPU.ActiveCfg = Release|Any CPU
		{A9828F1F-71D2-4B04-AFFE-BB9BD6B4D560}.Release|Any CPU.Build.0 = Release|Any CPU
		{AF555CE8-E876-4BC3-B9E4-9D0C03D23EEF}.Debug|Any CPU.ActiveCfg = Debug|Any CPU
		{AF555CE8-E876-4BC3-B9E4-9D0C03D23EEF}.Debug|Any CPU.Build.0 = Debug|Any CPU
		{AF555CE8-E876-4BC3-B9E4-9D0C03D23EEF}.Release|Any CPU.ActiveCfg = Release|Any CPU
		{AF555CE8-E876-4BC3-B9E4-9D0C03D23EEF}.Release|Any CPU.Build.0 = Release|Any CPU
		{2569F33F-4B31-4546-9ABD-4C02A60B4F92}.Debug|Any CPU.ActiveCfg = Debug|Any CPU
		{2569F33F-4B31-4546-9ABD-4C02A60B4F92}.Debug|Any CPU.Build.0 = Debug|Any CPU
		{2569F33F-4B31-4546-9ABD-4C02A60B4F92}.Release|Any CPU.ActiveCfg = Release|Any CPU
		{2569F33F-4B31-4546-9ABD-4C02A60B4F92}.Release|Any CPU.Build.0 = Release|Any CPU
		{B7E19A28-C7EE-4E5C-8FE4-A94FF5B5E8CA}.Debug|Any CPU.ActiveCfg = Debug|Any CPU
		{B7E19A28-C7EE-4E5C-8FE4-A94FF5B5E8CA}.Debug|Any CPU.Build.0 = Debug|Any CPU
		{B7E19A28-C7EE-4E5C-8FE4-A94FF5B5E8CA}.Release|Any CPU.ActiveCfg = Release|Any CPU
		{B7E19A28-C7EE-4E5C-8FE4-A94FF5B5E8CA}.Release|Any CPU.Build.0 = Release|Any CPU
		{01B6DC20-A89F-41EE-8254-A97E18FF996D}.Debug|Any CPU.ActiveCfg = Debug|Any CPU
		{01B6DC20-A89F-41EE-8254-A97E18FF996D}.Debug|Any CPU.Build.0 = Debug|Any CPU
		{01B6DC20-A89F-41EE-8254-A97E18FF996D}.Release|Any CPU.ActiveCfg = Release|Any CPU
		{01B6DC20-A89F-41EE-8254-A97E18FF996D}.Release|Any CPU.Build.0 = Release|Any CPU
		{3A2A9E00-E87A-43B6-94A3-52841EE9F4B1}.Debug|Any CPU.ActiveCfg = Debug|Any CPU
		{3A2A9E00-E87A-43B6-94A3-52841EE9F4B1}.Debug|Any CPU.Build.0 = Debug|Any CPU
		{3A2A9E00-E87A-43B6-94A3-52841EE9F4B1}.Release|Any CPU.ActiveCfg = Release|Any CPU
		{3A2A9E00-E87A-43B6-94A3-52841EE9F4B1}.Release|Any CPU.Build.0 = Release|Any CPU
		{1E1B2E40-DE91-47D4-AC65-0592E8903B5B}.Debug|Any CPU.ActiveCfg = Debug|Any CPU
		{1E1B2E40-DE91-47D4-AC65-0592E8903B5B}.Debug|Any CPU.Build.0 = Debug|Any CPU
		{1E1B2E40-DE91-47D4-AC65-0592E8903B5B}.Release|Any CPU.ActiveCfg = Release|Any CPU
		{1E1B2E40-DE91-47D4-AC65-0592E8903B5B}.Release|Any CPU.Build.0 = Release|Any CPU
		{5E5FE207-E24F-43B5-A90D-07D6B7934139}.Debug|Any CPU.ActiveCfg = Debug|Any CPU
		{5E5FE207-E24F-43B5-A90D-07D6B7934139}.Debug|Any CPU.Build.0 = Debug|Any CPU
		{5E5FE207-E24F-43B5-A90D-07D6B7934139}.Release|Any CPU.ActiveCfg = Release|Any CPU
		{5E5FE207-E24F-43B5-A90D-07D6B7934139}.Release|Any CPU.Build.0 = Release|Any CPU
		{A1036B97-01FD-4A4C-8516-29E631C02FE1}.Debug|Any CPU.ActiveCfg = Debug|Any CPU
		{A1036B97-01FD-4A4C-8516-29E631C02FE1}.Debug|Any CPU.Build.0 = Debug|Any CPU
		{A1036B97-01FD-4A4C-8516-29E631C02FE1}.Release|Any CPU.ActiveCfg = Release|Any CPU
		{A1036B97-01FD-4A4C-8516-29E631C02FE1}.Release|Any CPU.Build.0 = Release|Any CPU
		{15A4AED6-7900-4610-900C-459F89E59A2E}.Debug|Any CPU.ActiveCfg = Debug|Any CPU
		{15A4AED6-7900-4610-900C-459F89E59A2E}.Debug|Any CPU.Build.0 = Debug|Any CPU
		{15A4AED6-7900-4610-900C-459F89E59A2E}.Release|Any CPU.ActiveCfg = Release|Any CPU
		{15A4AED6-7900-4610-900C-459F89E59A2E}.Release|Any CPU.Build.0 = Release|Any CPU
		{2A69A779-66F5-4E04-B812-45D705448041}.Debug|Any CPU.ActiveCfg = Debug|Any CPU
		{2A69A779-66F5-4E04-B812-45D705448041}.Debug|Any CPU.Build.0 = Debug|Any CPU
		{2A69A779-66F5-4E04-B812-45D705448041}.Release|Any CPU.ActiveCfg = Release|Any CPU
		{2A69A779-66F5-4E04-B812-45D705448041}.Release|Any CPU.Build.0 = Release|Any CPU
		{36F9AFC7-6595-4B38-A9FB-6465A95B485C}.Debug|Any CPU.ActiveCfg = Debug|Any CPU
		{36F9AFC7-6595-4B38-A9FB-6465A95B485C}.Debug|Any CPU.Build.0 = Debug|Any CPU
		{36F9AFC7-6595-4B38-A9FB-6465A95B485C}.Release|Any CPU.ActiveCfg = Release|Any CPU
		{36F9AFC7-6595-4B38-A9FB-6465A95B485C}.Release|Any CPU.Build.0 = Release|Any CPU
		{3D7F56D8-9AF1-45E0-A3F6-0565EE7B901A}.Debug|Any CPU.ActiveCfg = Debug|Any CPU
		{3D7F56D8-9AF1-45E0-A3F6-0565EE7B901A}.Debug|Any CPU.Build.0 = Debug|Any CPU
		{3D7F56D8-9AF1-45E0-A3F6-0565EE7B901A}.Release|Any CPU.ActiveCfg = Release|Any CPU
		{3D7F56D8-9AF1-45E0-A3F6-0565EE7B901A}.Release|Any CPU.Build.0 = Release|Any CPU
		{F246803F-2496-4E7D-B33A-E03E950F95D0}.Debug|Any CPU.ActiveCfg = Debug|Any CPU
		{F246803F-2496-4E7D-B33A-E03E950F95D0}.Debug|Any CPU.Build.0 = Debug|Any CPU
		{F246803F-2496-4E7D-B33A-E03E950F95D0}.Release|Any CPU.ActiveCfg = Release|Any CPU
		{F246803F-2496-4E7D-B33A-E03E950F95D0}.Release|Any CPU.Build.0 = Release|Any CPU
	EndGlobalSection
	GlobalSection(SolutionProperties) = preSolution
		HideSolutionNode = FALSE
	EndGlobalSection
EndGlobal
