
Microsoft Visual Studio Solution File, Format Version 12.00
# Visual Studio 15
VisualStudioVersion = 15.0.27428.2015
MinimumVisualStudioVersion = 10.0.40219.1
Project("{FAE04EC0-301F-11D3-BF4B-00C04F79EFBC}") = "1.PersonalTitles", "1.PersonalTitles\1.PersonalTitles.csproj", "{5D40ECE8-A26E-481F-9F33-1AE33859E384}"
EndProject
Project("{FAE04EC0-301F-11D3-BF4B-00C04F79EFBC}") = "2.SmallShop", "2.SmallShop\2.SmallShop.csproj", "{89A3EC07-84BD-4339-A231-3A35A41CE629}"
EndProject
Project("{FAE04EC0-301F-11D3-BF4B-00C04F79EFBC}") = "3.PointInRectangle", "3.PointInRectangle\3.PointInRectangle.csproj", "{DD713076-E120-4D45-8ADD-62CE7B0DCA34}"
EndProject
Project("{FAE04EC0-301F-11D3-BF4B-00C04F79EFBC}") = "4.FruitOrVegetable", "4.FruitOrVegetable\4.FruitOrVegetable.csproj", "{766E137B-8204-4366-879D-69E761C19484}"
EndProject
Project("{FAE04EC0-301F-11D3-BF4B-00C04F79EFBC}") = "5.InvalidNumber", "5.InvalidNumber\5.InvalidNumber.csproj", "{60E392DD-00AA-4A3D-997F-315118F5553E}"
EndProject
Project("{FAE04EC0-301F-11D3-BF4B-00C04F79EFBC}") = "6.PointOnRectangleBorder", "6.PointOnRectangleBorder\6.PointOnRectangleBorder.csproj", "{7F02D570-20D3-496B-8E5E-3A090AFF4195}"
EndProject
Project("{FAE04EC0-301F-11D3-BF4B-00C04F79EFBC}") = "7.FruitShop", "7.FruitShop\7.FruitShop.csproj", "{CC6E405E-A145-48D0-9536-94A2D2A83F90}"
EndProject
Project("{FAE04EC0-301F-11D3-BF4B-00C04F79EFBC}") = "8.TradeComissions", "8.TradeComissions\8.TradeComissions.csproj", "{DB0F1992-F132-4391-B3C3-C49D1CE958F1}"
EndProject
Project("{FAE04EC0-301F-11D3-BF4B-00C04F79EFBC}") = "9.DayOfWeek", "9.DayOfWeek\9.DayOfWeek.csproj", "{782DE969-300B-4333-80D2-96D903745F77}"
EndProject
Project("{FAE04EC0-301F-11D3-BF4B-00C04F79EFBC}") = "10.AnimalType", "10.AnimalType\10.AnimalType.csproj", "{A2697E6E-6369-40CC-89D8-5AD421657347}"
EndProject
Project("{FAE04EC0-301F-11D3-BF4B-00C04F79EFBC}") = "11.Cinema", "11.Cinema\11.Cinema.csproj", "{6ECE0252-DDB9-44E2-98B2-BAD0E52E9BD6}"
EndProject
Project("{FAE04EC0-301F-11D3-BF4B-00C04F79EFBC}") = "12.Volleyball", "12.Volleyball\12.Volleyball.csproj", "{7826718C-D371-41C2-A75A-E068286F983D}"
EndProject
Project("{FAE04EC0-301F-11D3-BF4B-00C04F79EFBC}") = "13.PointInTheFigure", "13.PointInTheFigure\13.PointInTheFigure.csproj", "{C9D59028-AC79-463B-8EFA-D92098DF2E6C}"
EndProject
Global
	GlobalSection(SolutionConfigurationPlatforms) = preSolution
		Debug|Any CPU = Debug|Any CPU
		Release|Any CPU = Release|Any CPU
	EndGlobalSection
	GlobalSection(ProjectConfigurationPlatforms) = postSolution
		{5D40ECE8-A26E-481F-9F33-1AE33859E384}.Debug|Any CPU.ActiveCfg = Debug|Any CPU
		{5D40ECE8-A26E-481F-9F33-1AE33859E384}.Debug|Any CPU.Build.0 = Debug|Any CPU
		{5D40ECE8-A26E-481F-9F33-1AE33859E384}.Release|Any CPU.ActiveCfg = Release|Any CPU
		{5D40ECE8-A26E-481F-9F33-1AE33859E384}.Release|Any CPU.Build.0 = Release|Any CPU
		{89A3EC07-84BD-4339-A231-3A35A41CE629}.Debug|Any CPU.ActiveCfg = Debug|Any CPU
		{89A3EC07-84BD-4339-A231-3A35A41CE629}.Debug|Any CPU.Build.0 = Debug|Any CPU
		{89A3EC07-84BD-4339-A231-3A35A41CE629}.Release|Any CPU.ActiveCfg = Release|Any CPU
		{89A3EC07-84BD-4339-A231-3A35A41CE629}.Release|Any CPU.Build.0 = Release|Any CPU
		{DD713076-E120-4D45-8ADD-62CE7B0DCA34}.Debug|Any CPU.ActiveCfg = Debug|Any CPU
		{DD713076-E120-4D45-8ADD-62CE7B0DCA34}.Debug|Any CPU.Build.0 = Debug|Any CPU
		{DD713076-E120-4D45-8ADD-62CE7B0DCA34}.Release|Any CPU.ActiveCfg = Release|Any CPU
		{DD713076-E120-4D45-8ADD-62CE7B0DCA34}.Release|Any CPU.Build.0 = Release|Any CPU
		{766E137B-8204-4366-879D-69E761C19484}.Debug|Any CPU.ActiveCfg = Debug|Any CPU
		{766E137B-8204-4366-879D-69E761C19484}.Debug|Any CPU.Build.0 = Debug|Any CPU
		{766E137B-8204-4366-879D-69E761C19484}.Release|Any CPU.ActiveCfg = Release|Any CPU
		{766E137B-8204-4366-879D-69E761C19484}.Release|Any CPU.Build.0 = Release|Any CPU
		{60E392DD-00AA-4A3D-997F-315118F5553E}.Debug|Any CPU.ActiveCfg = Debug|Any CPU
		{60E392DD-00AA-4A3D-997F-315118F5553E}.Debug|Any CPU.Build.0 = Debug|Any CPU
		{60E392DD-00AA-4A3D-997F-315118F5553E}.Release|Any CPU.ActiveCfg = Release|Any CPU
		{60E392DD-00AA-4A3D-997F-315118F5553E}.Release|Any CPU.Build.0 = Release|Any CPU
		{7F02D570-20D3-496B-8E5E-3A090AFF4195}.Debug|Any CPU.ActiveCfg = Debug|Any CPU
		{7F02D570-20D3-496B-8E5E-3A090AFF4195}.Debug|Any CPU.Build.0 = Debug|Any CPU
		{7F02D570-20D3-496B-8E5E-3A090AFF4195}.Release|Any CPU.ActiveCfg = Release|Any CPU
		{7F02D570-20D3-496B-8E5E-3A090AFF4195}.Release|Any CPU.Build.0 = Release|Any CPU
		{CC6E405E-A145-48D0-9536-94A2D2A83F90}.Debug|Any CPU.ActiveCfg = Debug|Any CPU
		{CC6E405E-A145-48D0-9536-94A2D2A83F90}.Debug|Any CPU.Build.0 = Debug|Any CPU
		{CC6E405E-A145-48D0-9536-94A2D2A83F90}.Release|Any CPU.ActiveCfg = Release|Any CPU
		{CC6E405E-A145-48D0-9536-94A2D2A83F90}.Release|Any CPU.Build.0 = Release|Any CPU
		{DB0F1992-F132-4391-B3C3-C49D1CE958F1}.Debug|Any CPU.ActiveCfg = Debug|Any CPU
		{DB0F1992-F132-4391-B3C3-C49D1CE958F1}.Debug|Any CPU.Build.0 = Debug|Any CPU
		{DB0F1992-F132-4391-B3C3-C49D1CE958F1}.Release|Any CPU.ActiveCfg = Release|Any CPU
		{DB0F1992-F132-4391-B3C3-C49D1CE958F1}.Release|Any CPU.Build.0 = Release|Any CPU
		{782DE969-300B-4333-80D2-96D903745F77}.Debug|Any CPU.ActiveCfg = Debug|Any CPU
		{782DE969-300B-4333-80D2-96D903745F77}.Debug|Any CPU.Build.0 = Debug|Any CPU
		{782DE969-300B-4333-80D2-96D903745F77}.Release|Any CPU.ActiveCfg = Release|Any CPU
		{782DE969-300B-4333-80D2-96D903745F77}.Release|Any CPU.Build.0 = Release|Any CPU
		{A2697E6E-6369-40CC-89D8-5AD421657347}.Debug|Any CPU.ActiveCfg = Debug|Any CPU
		{A2697E6E-6369-40CC-89D8-5AD421657347}.Debug|Any CPU.Build.0 = Debug|Any CPU
		{A2697E6E-6369-40CC-89D8-5AD421657347}.Release|Any CPU.ActiveCfg = Release|Any CPU
		{A2697E6E-6369-40CC-89D8-5AD421657347}.Release|Any CPU.Build.0 = Release|Any CPU
		{6ECE0252-DDB9-44E2-98B2-BAD0E52E9BD6}.Debug|Any CPU.ActiveCfg = Debug|Any CPU
		{6ECE0252-DDB9-44E2-98B2-BAD0E52E9BD6}.Debug|Any CPU.Build.0 = Debug|Any CPU
		{6ECE0252-DDB9-44E2-98B2-BAD0E52E9BD6}.Release|Any CPU.ActiveCfg = Release|Any CPU
		{6ECE0252-DDB9-44E2-98B2-BAD0E52E9BD6}.Release|Any CPU.Build.0 = Release|Any CPU
		{7826718C-D371-41C2-A75A-E068286F983D}.Debug|Any CPU.ActiveCfg = Debug|Any CPU
		{7826718C-D371-41C2-A75A-E068286F983D}.Debug|Any CPU.Build.0 = Debug|Any CPU
		{7826718C-D371-41C2-A75A-E068286F983D}.Release|Any CPU.ActiveCfg = Release|Any CPU
		{7826718C-D371-41C2-A75A-E068286F983D}.Release|Any CPU.Build.0 = Release|Any CPU
		{C9D59028-AC79-463B-8EFA-D92098DF2E6C}.Debug|Any CPU.ActiveCfg = Debug|Any CPU
		{C9D59028-AC79-463B-8EFA-D92098DF2E6C}.Debug|Any CPU.Build.0 = Debug|Any CPU
		{C9D59028-AC79-463B-8EFA-D92098DF2E6C}.Release|Any CPU.ActiveCfg = Release|Any CPU
		{C9D59028-AC79-463B-8EFA-D92098DF2E6C}.Release|Any CPU.Build.0 = Release|Any CPU
	EndGlobalSection
	GlobalSection(SolutionProperties) = preSolution
		HideSolutionNode = FALSE
	EndGlobalSection
	GlobalSection(ExtensibilityGlobals) = postSolution
		SolutionGuid = {1017C953-4294-4665-A0DC-FBFE4B1B2FB3}
	EndGlobalSection
EndGlobal
