
Microsoft Visual Studio Solution File, Format Version 12.00
# Visual Studio 15
VisualStudioVersion = 15.0.26430.13
MinimumVisualStudioVersion = 10.0.40219.1
Project("{FAE04EC0-301F-11D3-BF4B-00C04F79EFBC}") = "Personal Titles", "Personal Titles\Personal Titles.csproj", "{A4BEC70B-DBFA-467C-9171-6A2B79825E2A}"
EndProject
Project("{FAE04EC0-301F-11D3-BF4B-00C04F79EFBC}") = "Small-Shop", "Small-Shop\Small-Shop.csproj", "{24AFDABA-3787-4775-9B90-BF7D9F22F3A6}"
EndProject
Project("{FAE04EC0-301F-11D3-BF4B-00C04F79EFBC}") = "Point in Rectangle", "Point in Rectangle\Point in Rectangle.csproj", "{565978E6-F4C5-434F-BD26-F9D523C054E8}"
EndProject
Project("{FAE04EC0-301F-11D3-BF4B-00C04F79EFBC}") = "Fruit or Vegetable", "Fruit or Vegetable\Fruit or Vegetable.csproj", "{ACB2669E-E82B-46C9-AAED-10674AEEACDE}"
EndProject
Project("{FAE04EC0-301F-11D3-BF4B-00C04F79EFBC}") = "Invalid Number", "Invalid Number\Invalid Number.csproj", "{640D22A5-B32B-4DAC-A9A2-CFFFCE10A5D2}"
EndProject
Project("{FAE04EC0-301F-11D3-BF4B-00C04F79EFBC}") = "Point on Rectangle Border", "Point on Rectangle Border\Point on Rectangle Border.csproj", "{44FF7DAD-465F-4712-B6F3-71490B520655}"
EndProject
Project("{FAE04EC0-301F-11D3-BF4B-00C04F79EFBC}") = "Fruit shop", "Fruit shop\Fruit shop.csproj", "{ABE8BEB8-710F-44E7-970D-3714AD4E5DD6}"
EndProject
Project("{FAE04EC0-301F-11D3-BF4B-00C04F79EFBC}") = "Trade Comissions", "Trade Comissions\Trade Comissions.csproj", "{DD7AFD75-8F8C-4FD7-82A8-F3C7DC10F163}"
EndProject
Project("{FAE04EC0-301F-11D3-BF4B-00C04F79EFBC}") = "Day of Weeks", "Day of Weeks\Day of Weeks.csproj", "{95CEBC4D-B0EF-4CE9-B8F4-871EF4A3E3D8}"
EndProject
Project("{FAE04EC0-301F-11D3-BF4B-00C04F79EFBC}") = "Animal Type", "Animal Type\Animal Type.csproj", "{81348DBC-C3FE-403C-929A-E03F6586E7BC}"
EndProject
Project("{FAE04EC0-301F-11D3-BF4B-00C04F79EFBC}") = "Cinema", "Cinema\Cinema.csproj", "{AFCFBBCC-15B9-49F5-A2A2-850EB84B09AD}"
EndProject
Project("{FAE04EC0-301F-11D3-BF4B-00C04F79EFBC}") = "Volleyball", "Volleyball\Volleyball.csproj", "{F8D15FED-764C-44B5-A2FB-6C2B40B2B1C7}"
EndProject
Project("{FAE04EC0-301F-11D3-BF4B-00C04F79EFBC}") = "Point in the figure", "Point in the figure\Point in the figure.csproj", "{FB7DBD56-6791-4D5C-99DA-BE17FEF963ED}"
EndProject
Project("{FAE04EC0-301F-11D3-BF4B-00C04F79EFBC}") = "On Time for Exam", "On Time for Exam\On Time for Exam.csproj", "{D08F5ED9-293C-4A37-B23B-DDBD31735B63}"
EndProject
Project("{FAE04EC0-301F-11D3-BF4B-00C04F79EFBC}") = "Trip", "Trip\Trip.csproj", "{F4FEB540-1E60-441F-A089-49B43C2BE18A}"
EndProject
Project("{FAE04EC0-301F-11D3-BF4B-00C04F79EFBC}") = "Operations between figures", "Operations between figures\Operations between figures.csproj", "{4E841EA7-546E-4311-B121-89580EBC46B7}"
EndProject
Global
	GlobalSection(SolutionConfigurationPlatforms) = preSolution
		Debug|Any CPU = Debug|Any CPU
		Release|Any CPU = Release|Any CPU
	EndGlobalSection
	GlobalSection(ProjectConfigurationPlatforms) = postSolution
		{A4BEC70B-DBFA-467C-9171-6A2B79825E2A}.Debug|Any CPU.ActiveCfg = Debug|Any CPU
		{A4BEC70B-DBFA-467C-9171-6A2B79825E2A}.Debug|Any CPU.Build.0 = Debug|Any CPU
		{A4BEC70B-DBFA-467C-9171-6A2B79825E2A}.Release|Any CPU.ActiveCfg = Release|Any CPU
		{A4BEC70B-DBFA-467C-9171-6A2B79825E2A}.Release|Any CPU.Build.0 = Release|Any CPU
		{24AFDABA-3787-4775-9B90-BF7D9F22F3A6}.Debug|Any CPU.ActiveCfg = Debug|Any CPU
		{24AFDABA-3787-4775-9B90-BF7D9F22F3A6}.Debug|Any CPU.Build.0 = Debug|Any CPU
		{24AFDABA-3787-4775-9B90-BF7D9F22F3A6}.Release|Any CPU.ActiveCfg = Release|Any CPU
		{24AFDABA-3787-4775-9B90-BF7D9F22F3A6}.Release|Any CPU.Build.0 = Release|Any CPU
		{565978E6-F4C5-434F-BD26-F9D523C054E8}.Debug|Any CPU.ActiveCfg = Debug|Any CPU
		{565978E6-F4C5-434F-BD26-F9D523C054E8}.Debug|Any CPU.Build.0 = Debug|Any CPU
		{565978E6-F4C5-434F-BD26-F9D523C054E8}.Release|Any CPU.ActiveCfg = Release|Any CPU
		{565978E6-F4C5-434F-BD26-F9D523C054E8}.Release|Any CPU.Build.0 = Release|Any CPU
		{ACB2669E-E82B-46C9-AAED-10674AEEACDE}.Debug|Any CPU.ActiveCfg = Debug|Any CPU
		{ACB2669E-E82B-46C9-AAED-10674AEEACDE}.Debug|Any CPU.Build.0 = Debug|Any CPU
		{ACB2669E-E82B-46C9-AAED-10674AEEACDE}.Release|Any CPU.ActiveCfg = Release|Any CPU
		{ACB2669E-E82B-46C9-AAED-10674AEEACDE}.Release|Any CPU.Build.0 = Release|Any CPU
		{640D22A5-B32B-4DAC-A9A2-CFFFCE10A5D2}.Debug|Any CPU.ActiveCfg = Debug|Any CPU
		{640D22A5-B32B-4DAC-A9A2-CFFFCE10A5D2}.Debug|Any CPU.Build.0 = Debug|Any CPU
		{640D22A5-B32B-4DAC-A9A2-CFFFCE10A5D2}.Release|Any CPU.ActiveCfg = Release|Any CPU
		{640D22A5-B32B-4DAC-A9A2-CFFFCE10A5D2}.Release|Any CPU.Build.0 = Release|Any CPU
		{44FF7DAD-465F-4712-B6F3-71490B520655}.Debug|Any CPU.ActiveCfg = Debug|Any CPU
		{44FF7DAD-465F-4712-B6F3-71490B520655}.Debug|Any CPU.Build.0 = Debug|Any CPU
		{44FF7DAD-465F-4712-B6F3-71490B520655}.Release|Any CPU.ActiveCfg = Release|Any CPU
		{44FF7DAD-465F-4712-B6F3-71490B520655}.Release|Any CPU.Build.0 = Release|Any CPU
		{ABE8BEB8-710F-44E7-970D-3714AD4E5DD6}.Debug|Any CPU.ActiveCfg = Debug|Any CPU
		{ABE8BEB8-710F-44E7-970D-3714AD4E5DD6}.Debug|Any CPU.Build.0 = Debug|Any CPU
		{ABE8BEB8-710F-44E7-970D-3714AD4E5DD6}.Release|Any CPU.ActiveCfg = Release|Any CPU
		{ABE8BEB8-710F-44E7-970D-3714AD4E5DD6}.Release|Any CPU.Build.0 = Release|Any CPU
		{DD7AFD75-8F8C-4FD7-82A8-F3C7DC10F163}.Debug|Any CPU.ActiveCfg = Debug|Any CPU
		{DD7AFD75-8F8C-4FD7-82A8-F3C7DC10F163}.Debug|Any CPU.Build.0 = Debug|Any CPU
		{DD7AFD75-8F8C-4FD7-82A8-F3C7DC10F163}.Release|Any CPU.ActiveCfg = Release|Any CPU
		{DD7AFD75-8F8C-4FD7-82A8-F3C7DC10F163}.Release|Any CPU.Build.0 = Release|Any CPU
		{95CEBC4D-B0EF-4CE9-B8F4-871EF4A3E3D8}.Debug|Any CPU.ActiveCfg = Debug|Any CPU
		{95CEBC4D-B0EF-4CE9-B8F4-871EF4A3E3D8}.Debug|Any CPU.Build.0 = Debug|Any CPU
		{95CEBC4D-B0EF-4CE9-B8F4-871EF4A3E3D8}.Release|Any CPU.ActiveCfg = Release|Any CPU
		{95CEBC4D-B0EF-4CE9-B8F4-871EF4A3E3D8}.Release|Any CPU.Build.0 = Release|Any CPU
		{81348DBC-C3FE-403C-929A-E03F6586E7BC}.Debug|Any CPU.ActiveCfg = Debug|Any CPU
		{81348DBC-C3FE-403C-929A-E03F6586E7BC}.Debug|Any CPU.Build.0 = Debug|Any CPU
		{81348DBC-C3FE-403C-929A-E03F6586E7BC}.Release|Any CPU.ActiveCfg = Release|Any CPU
		{81348DBC-C3FE-403C-929A-E03F6586E7BC}.Release|Any CPU.Build.0 = Release|Any CPU
		{AFCFBBCC-15B9-49F5-A2A2-850EB84B09AD}.Debug|Any CPU.ActiveCfg = Debug|Any CPU
		{AFCFBBCC-15B9-49F5-A2A2-850EB84B09AD}.Debug|Any CPU.Build.0 = Debug|Any CPU
		{AFCFBBCC-15B9-49F5-A2A2-850EB84B09AD}.Release|Any CPU.ActiveCfg = Release|Any CPU
		{AFCFBBCC-15B9-49F5-A2A2-850EB84B09AD}.Release|Any CPU.Build.0 = Release|Any CPU
		{F8D15FED-764C-44B5-A2FB-6C2B40B2B1C7}.Debug|Any CPU.ActiveCfg = Debug|Any CPU
		{F8D15FED-764C-44B5-A2FB-6C2B40B2B1C7}.Debug|Any CPU.Build.0 = Debug|Any CPU
		{F8D15FED-764C-44B5-A2FB-6C2B40B2B1C7}.Release|Any CPU.ActiveCfg = Release|Any CPU
		{F8D15FED-764C-44B5-A2FB-6C2B40B2B1C7}.Release|Any CPU.Build.0 = Release|Any CPU
		{FB7DBD56-6791-4D5C-99DA-BE17FEF963ED}.Debug|Any CPU.ActiveCfg = Debug|Any CPU
		{FB7DBD56-6791-4D5C-99DA-BE17FEF963ED}.Debug|Any CPU.Build.0 = Debug|Any CPU
		{FB7DBD56-6791-4D5C-99DA-BE17FEF963ED}.Release|Any CPU.ActiveCfg = Release|Any CPU
		{FB7DBD56-6791-4D5C-99DA-BE17FEF963ED}.Release|Any CPU.Build.0 = Release|Any CPU
		{D08F5ED9-293C-4A37-B23B-DDBD31735B63}.Debug|Any CPU.ActiveCfg = Debug|Any CPU
		{D08F5ED9-293C-4A37-B23B-DDBD31735B63}.Debug|Any CPU.Build.0 = Debug|Any CPU
		{D08F5ED9-293C-4A37-B23B-DDBD31735B63}.Release|Any CPU.ActiveCfg = Release|Any CPU
		{D08F5ED9-293C-4A37-B23B-DDBD31735B63}.Release|Any CPU.Build.0 = Release|Any CPU
		{F4FEB540-1E60-441F-A089-49B43C2BE18A}.Debug|Any CPU.ActiveCfg = Debug|Any CPU
		{F4FEB540-1E60-441F-A089-49B43C2BE18A}.Debug|Any CPU.Build.0 = Debug|Any CPU
		{F4FEB540-1E60-441F-A089-49B43C2BE18A}.Release|Any CPU.ActiveCfg = Release|Any CPU
		{F4FEB540-1E60-441F-A089-49B43C2BE18A}.Release|Any CPU.Build.0 = Release|Any CPU
		{4E841EA7-546E-4311-B121-89580EBC46B7}.Debug|Any CPU.ActiveCfg = Debug|Any CPU
		{4E841EA7-546E-4311-B121-89580EBC46B7}.Debug|Any CPU.Build.0 = Debug|Any CPU
		{4E841EA7-546E-4311-B121-89580EBC46B7}.Release|Any CPU.ActiveCfg = Release|Any CPU
		{4E841EA7-546E-4311-B121-89580EBC46B7}.Release|Any CPU.Build.0 = Release|Any CPU
	EndGlobalSection
	GlobalSection(SolutionProperties) = preSolution
		HideSolutionNode = FALSE
	EndGlobalSection
EndGlobal
