
Microsoft Visual Studio Solution File, Format Version 12.00
# Visual Studio 15
VisualStudioVersion = 15.0.26730.10
MinimumVisualStudioVersion = 10.0.40219.1
Project("{FAE04EC0-301F-11D3-BF4B-00C04F79EFBC}") = "Dance Hall", "Dance Hall\Dance Hall.csproj", "{745B8A79-5C19-4DB7-8104-58869594D5F3}"
EndProject
Project("{FAE04EC0-301F-11D3-BF4B-00C04F79EFBC}") = "Cup", "Cup\Cup.csproj", "{C9F1234E-70E7-4E12-BA2B-2CA0CD920CA0}"
EndProject
Project("{FAE04EC0-301F-11D3-BF4B-00C04F79EFBC}") = "Energy Loss", "Energy Loss\Energy Loss.csproj", "{C21807EA-179E-481E-B492-E7416A762E83}"
EndProject
Project("{FAE04EC0-301F-11D3-BF4B-00C04F79EFBC}") = "Group Name", "Group Name\Group Name.csproj", "{5FDF16FE-23B9-46E0-9E0B-E8D0305F23B9}"
EndProject
Project("{FAE04EC0-301F-11D3-BF4B-00C04F79EFBC}") = "Choreography", "Choreography\Choreography.csproj", "{9D7611C2-B318-4120-8C52-FACF06059309}"
EndProject
Project("{FAE04EC0-301F-11D3-BF4B-00C04F79EFBC}") = "Final Competition", "Final Competition\Final Competition.csproj", "{9F382C39-A0D3-4337-AE4F-5665097DF44C}"
EndProject
Global
	GlobalSection(SolutionConfigurationPlatforms) = preSolution
		Debug|Any CPU = Debug|Any CPU
		Release|Any CPU = Release|Any CPU
	EndGlobalSection
	GlobalSection(ProjectConfigurationPlatforms) = postSolution
		{745B8A79-5C19-4DB7-8104-58869594D5F3}.Debug|Any CPU.ActiveCfg = Debug|Any CPU
		{745B8A79-5C19-4DB7-8104-58869594D5F3}.Debug|Any CPU.Build.0 = Debug|Any CPU
		{745B8A79-5C19-4DB7-8104-58869594D5F3}.Release|Any CPU.ActiveCfg = Release|Any CPU
		{745B8A79-5C19-4DB7-8104-58869594D5F3}.Release|Any CPU.Build.0 = Release|Any CPU
		{C9F1234E-70E7-4E12-BA2B-2CA0CD920CA0}.Debug|Any CPU.ActiveCfg = Debug|Any CPU
		{C9F1234E-70E7-4E12-BA2B-2CA0CD920CA0}.Debug|Any CPU.Build.0 = Debug|Any CPU
		{C9F1234E-70E7-4E12-BA2B-2CA0CD920CA0}.Release|Any CPU.ActiveCfg = Release|Any CPU
		{C9F1234E-70E7-4E12-BA2B-2CA0CD920CA0}.Release|Any CPU.Build.0 = Release|Any CPU
		{C21807EA-179E-481E-B492-E7416A762E83}.Debug|Any CPU.ActiveCfg = Debug|Any CPU
		{C21807EA-179E-481E-B492-E7416A762E83}.Debug|Any CPU.Build.0 = Debug|Any CPU
		{C21807EA-179E-481E-B492-E7416A762E83}.Release|Any CPU.ActiveCfg = Release|Any CPU
		{C21807EA-179E-481E-B492-E7416A762E83}.Release|Any CPU.Build.0 = Release|Any CPU
		{5FDF16FE-23B9-46E0-9E0B-E8D0305F23B9}.Debug|Any CPU.ActiveCfg = Debug|Any CPU
		{5FDF16FE-23B9-46E0-9E0B-E8D0305F23B9}.Debug|Any CPU.Build.0 = Debug|Any CPU
		{5FDF16FE-23B9-46E0-9E0B-E8D0305F23B9}.Release|Any CPU.ActiveCfg = Release|Any CPU
		{5FDF16FE-23B9-46E0-9E0B-E8D0305F23B9}.Release|Any CPU.Build.0 = Release|Any CPU
		{9D7611C2-B318-4120-8C52-FACF06059309}.Debug|Any CPU.ActiveCfg = Debug|Any CPU
		{9D7611C2-B318-4120-8C52-FACF06059309}.Debug|Any CPU.Build.0 = Debug|Any CPU
		{9D7611C2-B318-4120-8C52-FACF06059309}.Release|Any CPU.ActiveCfg = Release|Any CPU
		{9D7611C2-B318-4120-8C52-FACF06059309}.Release|Any CPU.Build.0 = Release|Any CPU
		{9F382C39-A0D3-4337-AE4F-5665097DF44C}.Debug|Any CPU.ActiveCfg = Debug|Any CPU
		{9F382C39-A0D3-4337-AE4F-5665097DF44C}.Debug|Any CPU.Build.0 = Debug|Any CPU
		{9F382C39-A0D3-4337-AE4F-5665097DF44C}.Release|Any CPU.ActiveCfg = Release|Any CPU
		{9F382C39-A0D3-4337-AE4F-5665097DF44C}.Release|Any CPU.Build.0 = Release|Any CPU
	EndGlobalSection
	GlobalSection(SolutionProperties) = preSolution
		HideSolutionNode = FALSE
	EndGlobalSection
	GlobalSection(ExtensibilityGlobals) = postSolution
		SolutionGuid = {0504DEA2-DB59-46DD-94A6-A42453B5BE57}
	EndGlobalSection
EndGlobal
