
Microsoft Visual Studio Solution File, Format Version 12.00
# Visual Studio 15
VisualStudioVersion = 15.0.26730.10
MinimumVisualStudioVersion = 10.0.40219.1
Project("{FAE04EC0-301F-11D3-BF4B-00C04F79EFBC}") = "Grape and Rakia", "Grape and Rakia\Grape and Rakia.csproj", "{226D9F5C-7CE6-414B-83D3-57293EC14F1B}"
EndProject
Project("{FAE04EC0-301F-11D3-BF4B-00C04F79EFBC}") = "Styrofoam", "Styrofoam\Styrofoam.csproj", "{08802648-5B62-4547-9258-AA3D6BC47624}"
EndProject
Project("{FAE04EC0-301F-11D3-BF4B-00C04F79EFBC}") = "Truck Driver", "Truck Driver\Truck Driver.csproj", "{74CC0793-D260-461A-80E4-9223BA337B0D}"
EndProject
Project("{FAE04EC0-301F-11D3-BF4B-00C04F79EFBC}") = "Bills", "Bills\Bills.csproj", "{EC19E92D-7905-4B1B-8B9E-C839AF5B8818}"
EndProject
Project("{FAE04EC0-301F-11D3-BF4B-00C04F79EFBC}") = "Paralelepiped", "Paralelepiped\Paralelepiped.csproj", "{D2CEA9AE-5EE0-4440-9CDC-385C1FD09E80}"
EndProject
Project("{FAE04EC0-301F-11D3-BF4B-00C04F79EFBC}") = "Control Number", "Control Number\Control Number.csproj", "{39A52234-6772-4ACC-82A7-1D9ACB1A0C94}"
EndProject
Project("{FAE04EC0-301F-11D3-BF4B-00C04F79EFBC}") = "Control_Number_1", "Control_Number_1\Control_Number_1.csproj", "{82F97ED2-7D12-46F8-9C3F-E78D12A508EE}"
EndProject
Project("{FAE04EC0-301F-11D3-BF4B-00C04F79EFBC}") = "Truck_Driver_1", "Truck_Driver_1\Truck_Driver_1.csproj", "{5D0EC901-CF05-4127-9930-3495C4EB892A}"
EndProject
Global
	GlobalSection(SolutionConfigurationPlatforms) = preSolution
		Debug|Any CPU = Debug|Any CPU
		Release|Any CPU = Release|Any CPU
	EndGlobalSection
	GlobalSection(ProjectConfigurationPlatforms) = postSolution
		{226D9F5C-7CE6-414B-83D3-57293EC14F1B}.Debug|Any CPU.ActiveCfg = Debug|Any CPU
		{226D9F5C-7CE6-414B-83D3-57293EC14F1B}.Debug|Any CPU.Build.0 = Debug|Any CPU
		{226D9F5C-7CE6-414B-83D3-57293EC14F1B}.Release|Any CPU.ActiveCfg = Release|Any CPU
		{226D9F5C-7CE6-414B-83D3-57293EC14F1B}.Release|Any CPU.Build.0 = Release|Any CPU
		{08802648-5B62-4547-9258-AA3D6BC47624}.Debug|Any CPU.ActiveCfg = Debug|Any CPU
		{08802648-5B62-4547-9258-AA3D6BC47624}.Debug|Any CPU.Build.0 = Debug|Any CPU
		{08802648-5B62-4547-9258-AA3D6BC47624}.Release|Any CPU.ActiveCfg = Release|Any CPU
		{08802648-5B62-4547-9258-AA3D6BC47624}.Release|Any CPU.Build.0 = Release|Any CPU
		{74CC0793-D260-461A-80E4-9223BA337B0D}.Debug|Any CPU.ActiveCfg = Debug|Any CPU
		{74CC0793-D260-461A-80E4-9223BA337B0D}.Debug|Any CPU.Build.0 = Debug|Any CPU
		{74CC0793-D260-461A-80E4-9223BA337B0D}.Release|Any CPU.ActiveCfg = Release|Any CPU
		{74CC0793-D260-461A-80E4-9223BA337B0D}.Release|Any CPU.Build.0 = Release|Any CPU
		{EC19E92D-7905-4B1B-8B9E-C839AF5B8818}.Debug|Any CPU.ActiveCfg = Debug|Any CPU
		{EC19E92D-7905-4B1B-8B9E-C839AF5B8818}.Debug|Any CPU.Build.0 = Debug|Any CPU
		{EC19E92D-7905-4B1B-8B9E-C839AF5B8818}.Release|Any CPU.ActiveCfg = Release|Any CPU
		{EC19E92D-7905-4B1B-8B9E-C839AF5B8818}.Release|Any CPU.Build.0 = Release|Any CPU
		{D2CEA9AE-5EE0-4440-9CDC-385C1FD09E80}.Debug|Any CPU.ActiveCfg = Debug|Any CPU
		{D2CEA9AE-5EE0-4440-9CDC-385C1FD09E80}.Debug|Any CPU.Build.0 = Debug|Any CPU
		{D2CEA9AE-5EE0-4440-9CDC-385C1FD09E80}.Release|Any CPU.ActiveCfg = Release|Any CPU
		{D2CEA9AE-5EE0-4440-9CDC-385C1FD09E80}.Release|Any CPU.Build.0 = Release|Any CPU
		{39A52234-6772-4ACC-82A7-1D9ACB1A0C94}.Debug|Any CPU.ActiveCfg = Debug|Any CPU
		{39A52234-6772-4ACC-82A7-1D9ACB1A0C94}.Debug|Any CPU.Build.0 = Debug|Any CPU
		{39A52234-6772-4ACC-82A7-1D9ACB1A0C94}.Release|Any CPU.ActiveCfg = Release|Any CPU
		{39A52234-6772-4ACC-82A7-1D9ACB1A0C94}.Release|Any CPU.Build.0 = Release|Any CPU
		{82F97ED2-7D12-46F8-9C3F-E78D12A508EE}.Debug|Any CPU.ActiveCfg = Debug|Any CPU
		{82F97ED2-7D12-46F8-9C3F-E78D12A508EE}.Debug|Any CPU.Build.0 = Debug|Any CPU
		{82F97ED2-7D12-46F8-9C3F-E78D12A508EE}.Release|Any CPU.ActiveCfg = Release|Any CPU
		{82F97ED2-7D12-46F8-9C3F-E78D12A508EE}.Release|Any CPU.Build.0 = Release|Any CPU
		{5D0EC901-CF05-4127-9930-3495C4EB892A}.Debug|Any CPU.ActiveCfg = Debug|Any CPU
		{5D0EC901-CF05-4127-9930-3495C4EB892A}.Debug|Any CPU.Build.0 = Debug|Any CPU
		{5D0EC901-CF05-4127-9930-3495C4EB892A}.Release|Any CPU.ActiveCfg = Release|Any CPU
		{5D0EC901-CF05-4127-9930-3495C4EB892A}.Release|Any CPU.Build.0 = Release|Any CPU
	EndGlobalSection
	GlobalSection(SolutionProperties) = preSolution
		HideSolutionNode = FALSE
	EndGlobalSection
	GlobalSection(ExtensibilityGlobals) = postSolution
		SolutionGuid = {4519E7DE-81F0-4404-9122-E1400ECC4067}
	EndGlobalSection
EndGlobal
