
Microsoft Visual Studio Solution File, Format Version 12.00
# Visual Studio 15
VisualStudioVersion = 15.0.26430.13
MinimumVisualStudioVersion = 10.0.40219.1
Project("{FAE04EC0-301F-11D3-BF4B-00C04F79EFBC}") = "Distance", "Distance\Distance.csproj", "{A9E337D9-55E6-4C39-9AD1-F7659ACFE8C9}"
EndProject
Project("{FAE04EC0-301F-11D3-BF4B-00C04F79EFBC}") = "Change Tiles", "Change Tiles\Change Tiles.csproj", "{7C991D9F-0D65-45F8-AA89-88EAA818CAA0}"
EndProject
Project("{FAE04EC0-301F-11D3-BF4B-00C04F79EFBC}") = "Flowers", "Flowers\Flowers.csproj", "{411AD21A-EA03-4AAC-ACA6-3C5B025AC135}"
EndProject
Project("{FAE04EC0-301F-11D3-BF4B-00C04F79EFBC}") = "Grades", "Grades\Grades.csproj", "{E8E05211-6441-4647-874F-C4F5500DA351}"
EndProject
Project("{FAE04EC0-301F-11D3-BF4B-00C04F79EFBC}") = "Christmas Hat", "Christmas Hat\Christmas Hat.csproj", "{75F6E6A3-FA38-4293-818B-FD0C148F6CF6}"
EndProject
Project("{FAE04EC0-301F-11D3-BF4B-00C04F79EFBC}") = "Letters Combination", "Letters Combination\Letters Combination.csproj", "{0D18330B-3A19-4BE1-99E1-7875778CEB91}"
EndProject
Global
	GlobalSection(SolutionConfigurationPlatforms) = preSolution
		Debug|Any CPU = Debug|Any CPU
		Release|Any CPU = Release|Any CPU
	EndGlobalSection
	GlobalSection(ProjectConfigurationPlatforms) = postSolution
		{A9E337D9-55E6-4C39-9AD1-F7659ACFE8C9}.Debug|Any CPU.ActiveCfg = Debug|Any CPU
		{A9E337D9-55E6-4C39-9AD1-F7659ACFE8C9}.Debug|Any CPU.Build.0 = Debug|Any CPU
		{A9E337D9-55E6-4C39-9AD1-F7659ACFE8C9}.Release|Any CPU.ActiveCfg = Release|Any CPU
		{A9E337D9-55E6-4C39-9AD1-F7659ACFE8C9}.Release|Any CPU.Build.0 = Release|Any CPU
		{7C991D9F-0D65-45F8-AA89-88EAA818CAA0}.Debug|Any CPU.ActiveCfg = Debug|Any CPU
		{7C991D9F-0D65-45F8-AA89-88EAA818CAA0}.Debug|Any CPU.Build.0 = Debug|Any CPU
		{7C991D9F-0D65-45F8-AA89-88EAA818CAA0}.Release|Any CPU.ActiveCfg = Release|Any CPU
		{7C991D9F-0D65-45F8-AA89-88EAA818CAA0}.Release|Any CPU.Build.0 = Release|Any CPU
		{411AD21A-EA03-4AAC-ACA6-3C5B025AC135}.Debug|Any CPU.ActiveCfg = Debug|Any CPU
		{411AD21A-EA03-4AAC-ACA6-3C5B025AC135}.Debug|Any CPU.Build.0 = Debug|Any CPU
		{411AD21A-EA03-4AAC-ACA6-3C5B025AC135}.Release|Any CPU.ActiveCfg = Release|Any CPU
		{411AD21A-EA03-4AAC-ACA6-3C5B025AC135}.Release|Any CPU.Build.0 = Release|Any CPU
		{E8E05211-6441-4647-874F-C4F5500DA351}.Debug|Any CPU.ActiveCfg = Debug|Any CPU
		{E8E05211-6441-4647-874F-C4F5500DA351}.Debug|Any CPU.Build.0 = Debug|Any CPU
		{E8E05211-6441-4647-874F-C4F5500DA351}.Release|Any CPU.ActiveCfg = Release|Any CPU
		{E8E05211-6441-4647-874F-C4F5500DA351}.Release|Any CPU.Build.0 = Release|Any CPU
		{75F6E6A3-FA38-4293-818B-FD0C148F6CF6}.Debug|Any CPU.ActiveCfg = Debug|Any CPU
		{75F6E6A3-FA38-4293-818B-FD0C148F6CF6}.Debug|Any CPU.Build.0 = Debug|Any CPU
		{75F6E6A3-FA38-4293-818B-FD0C148F6CF6}.Release|Any CPU.ActiveCfg = Release|Any CPU
		{75F6E6A3-FA38-4293-818B-FD0C148F6CF6}.Release|Any CPU.Build.0 = Release|Any CPU
		{0D18330B-3A19-4BE1-99E1-7875778CEB91}.Debug|Any CPU.ActiveCfg = Debug|Any CPU
		{0D18330B-3A19-4BE1-99E1-7875778CEB91}.Debug|Any CPU.Build.0 = Debug|Any CPU
		{0D18330B-3A19-4BE1-99E1-7875778CEB91}.Release|Any CPU.ActiveCfg = Release|Any CPU
		{0D18330B-3A19-4BE1-99E1-7875778CEB91}.Release|Any CPU.Build.0 = Release|Any CPU
	EndGlobalSection
	GlobalSection(SolutionProperties) = preSolution
		HideSolutionNode = FALSE
	EndGlobalSection
EndGlobal
