
Microsoft Visual Studio Solution File, Format Version 12.00
# Visual Studio 15
VisualStudioVersion = 15.0.26430.16
MinimumVisualStudioVersion = 10.0.40219.1
Project("{FAE04EC0-301F-11D3-BF4B-00C04F79EFBC}") = "Money", "Money\Money.csproj", "{8CE3AE6A-026C-4E24-A42F-D8771493BF74}"
EndProject
Project("{FAE04EC0-301F-11D3-BF4B-00C04F79EFBC}") = "Harvest", "Harvest\Harvest.csproj", "{28B132A9-9230-4D73-B3FB-7D475AF75A42}"
EndProject
Project("{FAE04EC0-301F-11D3-BF4B-00C04F79EFBC}") = "Tickets for a Football match", "Tickets for a Football match\Tickets for a Football match.csproj", "{1F22D13A-3D34-43E7-B401-6F1DEB285304}"
EndProject
Project("{FAE04EC0-301F-11D3-BF4B-00C04F79EFBC}") = "BackToThePast", "BackToThePast\BackToThePast.csproj", "{35162109-77C0-4687-AF77-CED2C7F1A2DC}"
EndProject
Project("{FAE04EC0-301F-11D3-BF4B-00C04F79EFBC}") = "Diamand", "Diamand\Diamand.csproj", "{DE4FF55F-EA16-4BF9-90BB-7360ADD8C8E4}"
EndProject
Project("{FAE04EC0-301F-11D3-BF4B-00C04F79EFBC}") = "Stop Number", "Stop Number\Stop Number.csproj", "{D63517FF-A57B-4663-8572-3B9040861F1F}"
EndProject
Global
	GlobalSection(SolutionConfigurationPlatforms) = preSolution
		Debug|Any CPU = Debug|Any CPU
		Release|Any CPU = Release|Any CPU
	EndGlobalSection
	GlobalSection(ProjectConfigurationPlatforms) = postSolution
		{8CE3AE6A-026C-4E24-A42F-D8771493BF74}.Debug|Any CPU.ActiveCfg = Debug|Any CPU
		{8CE3AE6A-026C-4E24-A42F-D8771493BF74}.Debug|Any CPU.Build.0 = Debug|Any CPU
		{8CE3AE6A-026C-4E24-A42F-D8771493BF74}.Release|Any CPU.ActiveCfg = Release|Any CPU
		{8CE3AE6A-026C-4E24-A42F-D8771493BF74}.Release|Any CPU.Build.0 = Release|Any CPU
		{28B132A9-9230-4D73-B3FB-7D475AF75A42}.Debug|Any CPU.ActiveCfg = Debug|Any CPU
		{28B132A9-9230-4D73-B3FB-7D475AF75A42}.Debug|Any CPU.Build.0 = Debug|Any CPU
		{28B132A9-9230-4D73-B3FB-7D475AF75A42}.Release|Any CPU.ActiveCfg = Release|Any CPU
		{28B132A9-9230-4D73-B3FB-7D475AF75A42}.Release|Any CPU.Build.0 = Release|Any CPU
		{1F22D13A-3D34-43E7-B401-6F1DEB285304}.Debug|Any CPU.ActiveCfg = Debug|Any CPU
		{1F22D13A-3D34-43E7-B401-6F1DEB285304}.Debug|Any CPU.Build.0 = Debug|Any CPU
		{1F22D13A-3D34-43E7-B401-6F1DEB285304}.Release|Any CPU.ActiveCfg = Release|Any CPU
		{1F22D13A-3D34-43E7-B401-6F1DEB285304}.Release|Any CPU.Build.0 = Release|Any CPU
		{35162109-77C0-4687-AF77-CED2C7F1A2DC}.Debug|Any CPU.ActiveCfg = Debug|Any CPU
		{35162109-77C0-4687-AF77-CED2C7F1A2DC}.Debug|Any CPU.Build.0 = Debug|Any CPU
		{35162109-77C0-4687-AF77-CED2C7F1A2DC}.Release|Any CPU.ActiveCfg = Release|Any CPU
		{35162109-77C0-4687-AF77-CED2C7F1A2DC}.Release|Any CPU.Build.0 = Release|Any CPU
		{DE4FF55F-EA16-4BF9-90BB-7360ADD8C8E4}.Debug|Any CPU.ActiveCfg = Debug|Any CPU
		{DE4FF55F-EA16-4BF9-90BB-7360ADD8C8E4}.Debug|Any CPU.Build.0 = Debug|Any CPU
		{DE4FF55F-EA16-4BF9-90BB-7360ADD8C8E4}.Release|Any CPU.ActiveCfg = Release|Any CPU
		{DE4FF55F-EA16-4BF9-90BB-7360ADD8C8E4}.Release|Any CPU.Build.0 = Release|Any CPU
		{D63517FF-A57B-4663-8572-3B9040861F1F}.Debug|Any CPU.ActiveCfg = Debug|Any CPU
		{D63517FF-A57B-4663-8572-3B9040861F1F}.Debug|Any CPU.Build.0 = Debug|Any CPU
		{D63517FF-A57B-4663-8572-3B9040861F1F}.Release|Any CPU.ActiveCfg = Release|Any CPU
		{D63517FF-A57B-4663-8572-3B9040861F1F}.Release|Any CPU.Build.0 = Release|Any CPU
	EndGlobalSection
	GlobalSection(SolutionProperties) = preSolution
		HideSolutionNode = FALSE
	EndGlobalSection
EndGlobal
