
Microsoft Visual Studio Solution File, Format Version 12.00
# Visual Studio 15
VisualStudioVersion = 15.0.26430.13
MinimumVisualStudioVersion = 10.0.40219.1
Project("{FAE04EC0-301F-11D3-BF4B-00C04F79EFBC}") = "House price", "House price\House price.csproj", "{6C63E3E3-78A4-4F9A-A897-B2C5E81D419B}"
EndProject
Project("{FAE04EC0-301F-11D3-BF4B-00C04F79EFBC}") = "Flower shop", "Flower shop\Flower shop.csproj", "{DC1BB465-8DCA-4EC1-B589-14FB053639C5}"
EndProject
Project("{FAE04EC0-301F-11D3-BF4B-00C04F79EFBC}") = "Bike race", "Bike race\Bike race.csproj", "{AFB86436-21DE-4973-B173-C0A2E67C7F33}"
EndProject
Project("{FAE04EC0-301F-11D3-BF4B-00C04F79EFBC}") = "Logistics", "Logistics\Logistics.csproj", "{92D6608B-5BD8-4563-8DE6-8A5D336FBC08}"
EndProject
Project("{FAE04EC0-301F-11D3-BF4B-00C04F79EFBC}") = "Rocket", "Rocket\Rocket.csproj", "{E2459567-1980-4DCD-AC7A-6EF2AEDB07EC}"
EndProject
Project("{FAE04EC0-301F-11D3-BF4B-00C04F79EFBC}") = "Max Combination", "Max Combination\Max Combination.csproj", "{BA2FA449-363D-4634-9972-8BF78CB44CFA}"
EndProject
Global
	GlobalSection(SolutionConfigurationPlatforms) = preSolution
		Debug|Any CPU = Debug|Any CPU
		Release|Any CPU = Release|Any CPU
	EndGlobalSection
	GlobalSection(ProjectConfigurationPlatforms) = postSolution
		{6C63E3E3-78A4-4F9A-A897-B2C5E81D419B}.Debug|Any CPU.ActiveCfg = Debug|Any CPU
		{6C63E3E3-78A4-4F9A-A897-B2C5E81D419B}.Debug|Any CPU.Build.0 = Debug|Any CPU
		{6C63E3E3-78A4-4F9A-A897-B2C5E81D419B}.Release|Any CPU.ActiveCfg = Release|Any CPU
		{6C63E3E3-78A4-4F9A-A897-B2C5E81D419B}.Release|Any CPU.Build.0 = Release|Any CPU
		{DC1BB465-8DCA-4EC1-B589-14FB053639C5}.Debug|Any CPU.ActiveCfg = Debug|Any CPU
		{DC1BB465-8DCA-4EC1-B589-14FB053639C5}.Debug|Any CPU.Build.0 = Debug|Any CPU
		{DC1BB465-8DCA-4EC1-B589-14FB053639C5}.Release|Any CPU.ActiveCfg = Release|Any CPU
		{DC1BB465-8DCA-4EC1-B589-14FB053639C5}.Release|Any CPU.Build.0 = Release|Any CPU
		{AFB86436-21DE-4973-B173-C0A2E67C7F33}.Debug|Any CPU.ActiveCfg = Debug|Any CPU
		{AFB86436-21DE-4973-B173-C0A2E67C7F33}.Debug|Any CPU.Build.0 = Debug|Any CPU
		{AFB86436-21DE-4973-B173-C0A2E67C7F33}.Release|Any CPU.ActiveCfg = Release|Any CPU
		{AFB86436-21DE-4973-B173-C0A2E67C7F33}.Release|Any CPU.Build.0 = Release|Any CPU
		{92D6608B-5BD8-4563-8DE6-8A5D336FBC08}.Debug|Any CPU.ActiveCfg = Debug|Any CPU
		{92D6608B-5BD8-4563-8DE6-8A5D336FBC08}.Debug|Any CPU.Build.0 = Debug|Any CPU
		{92D6608B-5BD8-4563-8DE6-8A5D336FBC08}.Release|Any CPU.ActiveCfg = Release|Any CPU
		{92D6608B-5BD8-4563-8DE6-8A5D336FBC08}.Release|Any CPU.Build.0 = Release|Any CPU
		{E2459567-1980-4DCD-AC7A-6EF2AEDB07EC}.Debug|Any CPU.ActiveCfg = Debug|Any CPU
		{E2459567-1980-4DCD-AC7A-6EF2AEDB07EC}.Debug|Any CPU.Build.0 = Debug|Any CPU
		{E2459567-1980-4DCD-AC7A-6EF2AEDB07EC}.Release|Any CPU.ActiveCfg = Release|Any CPU
		{E2459567-1980-4DCD-AC7A-6EF2AEDB07EC}.Release|Any CPU.Build.0 = Release|Any CPU
		{BA2FA449-363D-4634-9972-8BF78CB44CFA}.Debug|Any CPU.ActiveCfg = Debug|Any CPU
		{BA2FA449-363D-4634-9972-8BF78CB44CFA}.Debug|Any CPU.Build.0 = Debug|Any CPU
		{BA2FA449-363D-4634-9972-8BF78CB44CFA}.Release|Any CPU.ActiveCfg = Release|Any CPU
		{BA2FA449-363D-4634-9972-8BF78CB44CFA}.Release|Any CPU.Build.0 = Release|Any CPU
	EndGlobalSection
	GlobalSection(SolutionProperties) = preSolution
		HideSolutionNode = FALSE
	EndGlobalSection
EndGlobal
