
Microsoft Visual Studio Solution File, Format Version 12.00
# Visual Studio 15
VisualStudioVersion = 15.0.27428.2015
MinimumVisualStudioVersion = 10.0.40219.1
Project("{FAE04EC0-301F-11D3-BF4B-00C04F79EFBC}") = "1.NumbersFrom1To100", "1.NumbersFrom1To100\1.NumbersFrom1To100.csproj", "{4A5025C5-A60F-459C-AE3C-A96D0C19D59D}"
EndProject
Project("{FAE04EC0-301F-11D3-BF4B-00C04F79EFBC}") = "2.NumbersEndingIn7", "2.NumbersEndingIn7\2.NumbersEndingIn7.csproj", "{5553968D-AC68-4020-989F-10204F469A24}"
EndProject
Project("{FAE04EC0-301F-11D3-BF4B-00C04F79EFBC}") = "3.LatinLetters", "3.LatinLetters\3.LatinLetters.csproj", "{FCF2711C-E653-4F3F-A116-2611CF110129}"
EndProject
Project("{FAE04EC0-301F-11D3-BF4B-00C04F79EFBC}") = "4.SumNumbers", "4.SumNumbers\4.SumNumbers.csproj", "{6930057B-AAC2-4A60-9326-143ED95B871A}"
EndProject
Project("{FAE04EC0-301F-11D3-BF4B-00C04F79EFBC}") = "5.MaxNumber", "5.MaxNumber\5.MaxNumber.csproj", "{1A481217-2D78-4322-BCF9-FC9DFF9577F2}"
EndProject
Project("{FAE04EC0-301F-11D3-BF4B-00C04F79EFBC}") = "7.LeftAndRightSum", "7.LeftAndRightSum\7.LeftAndRightSum.csproj", "{B340DAD6-6131-4E36-8A6B-B000EF24C702}"
EndProject
Project("{FAE04EC0-301F-11D3-BF4B-00C04F79EFBC}") = "8.OddEvenSum", "8.OddEvenSum\8.OddEvenSum.csproj", "{7AC15D6E-1563-4DD4-8562-EC14572DF276}"
EndProject
Project("{FAE04EC0-301F-11D3-BF4B-00C04F79EFBC}") = "9.VowelsSum", "9.VowelsSum\9.VowelsSum.csproj", "{ABBE717B-7996-429C-8170-E21EE9B387CA}"
EndProject
Project("{FAE04EC0-301F-11D3-BF4B-00C04F79EFBC}") = "10.HalfSumElement", "10.HalfSumElement\10.HalfSumElement.csproj", "{6285F51C-0AEC-4EEE-8854-CBB48C4CB280}"
EndProject
Project("{FAE04EC0-301F-11D3-BF4B-00C04F79EFBC}") = "11.OddEvenPosition", "11.OddEvenPosition\11.OddEvenPosition.csproj", "{72977A33-98E2-4D0F-BA7D-B3813384DB4E}"
EndProject
Project("{FAE04EC0-301F-11D3-BF4B-00C04F79EFBC}") = "6.MinNumber", "6.MinNumber\6.MinNumber.csproj", "{9D87CB83-5112-466C-BB0F-DD4A3CAB1F1E}"
EndProject
Project("{FAE04EC0-301F-11D3-BF4B-00C04F79EFBC}") = "12.EqualPairs", "12.EqualPairs\12.EqualPairs.csproj", "{09C0916A-BFFB-4DB4-8F9F-EB86484179C7}"
EndProject
Global
	GlobalSection(SolutionConfigurationPlatforms) = preSolution
		Debug|Any CPU = Debug|Any CPU
		Release|Any CPU = Release|Any CPU
	EndGlobalSection
	GlobalSection(ProjectConfigurationPlatforms) = postSolution
		{4A5025C5-A60F-459C-AE3C-A96D0C19D59D}.Debug|Any CPU.ActiveCfg = Debug|Any CPU
		{4A5025C5-A60F-459C-AE3C-A96D0C19D59D}.Debug|Any CPU.Build.0 = Debug|Any CPU
		{4A5025C5-A60F-459C-AE3C-A96D0C19D59D}.Release|Any CPU.ActiveCfg = Release|Any CPU
		{4A5025C5-A60F-459C-AE3C-A96D0C19D59D}.Release|Any CPU.Build.0 = Release|Any CPU
		{5553968D-AC68-4020-989F-10204F469A24}.Debug|Any CPU.ActiveCfg = Debug|Any CPU
		{5553968D-AC68-4020-989F-10204F469A24}.Debug|Any CPU.Build.0 = Debug|Any CPU
		{5553968D-AC68-4020-989F-10204F469A24}.Release|Any CPU.ActiveCfg = Release|Any CPU
		{5553968D-AC68-4020-989F-10204F469A24}.Release|Any CPU.Build.0 = Release|Any CPU
		{FCF2711C-E653-4F3F-A116-2611CF110129}.Debug|Any CPU.ActiveCfg = Debug|Any CPU
		{FCF2711C-E653-4F3F-A116-2611CF110129}.Debug|Any CPU.Build.0 = Debug|Any CPU
		{FCF2711C-E653-4F3F-A116-2611CF110129}.Release|Any CPU.ActiveCfg = Release|Any CPU
		{FCF2711C-E653-4F3F-A116-2611CF110129}.Release|Any CPU.Build.0 = Release|Any CPU
		{6930057B-AAC2-4A60-9326-143ED95B871A}.Debug|Any CPU.ActiveCfg = Debug|Any CPU
		{6930057B-AAC2-4A60-9326-143ED95B871A}.Debug|Any CPU.Build.0 = Debug|Any CPU
		{6930057B-AAC2-4A60-9326-143ED95B871A}.Release|Any CPU.ActiveCfg = Release|Any CPU
		{6930057B-AAC2-4A60-9326-143ED95B871A}.Release|Any CPU.Build.0 = Release|Any CPU
		{1A481217-2D78-4322-BCF9-FC9DFF9577F2}.Debug|Any CPU.ActiveCfg = Debug|Any CPU
		{1A481217-2D78-4322-BCF9-FC9DFF9577F2}.Debug|Any CPU.Build.0 = Debug|Any CPU
		{1A481217-2D78-4322-BCF9-FC9DFF9577F2}.Release|Any CPU.ActiveCfg = Release|Any CPU
		{1A481217-2D78-4322-BCF9-FC9DFF9577F2}.Release|Any CPU.Build.0 = Release|Any CPU
		{B340DAD6-6131-4E36-8A6B-B000EF24C702}.Debug|Any CPU.ActiveCfg = Debug|Any CPU
		{B340DAD6-6131-4E36-8A6B-B000EF24C702}.Debug|Any CPU.Build.0 = Debug|Any CPU
		{B340DAD6-6131-4E36-8A6B-B000EF24C702}.Release|Any CPU.ActiveCfg = Release|Any CPU
		{B340DAD6-6131-4E36-8A6B-B000EF24C702}.Release|Any CPU.Build.0 = Release|Any CPU
		{7AC15D6E-1563-4DD4-8562-EC14572DF276}.Debug|Any CPU.ActiveCfg = Debug|Any CPU
		{7AC15D6E-1563-4DD4-8562-EC14572DF276}.Debug|Any CPU.Build.0 = Debug|Any CPU
		{7AC15D6E-1563-4DD4-8562-EC14572DF276}.Release|Any CPU.ActiveCfg = Release|Any CPU
		{7AC15D6E-1563-4DD4-8562-EC14572DF276}.Release|Any CPU.Build.0 = Release|Any CPU
		{ABBE717B-7996-429C-8170-E21EE9B387CA}.Debug|Any CPU.ActiveCfg = Debug|Any CPU
		{ABBE717B-7996-429C-8170-E21EE9B387CA}.Debug|Any CPU.Build.0 = Debug|Any CPU
		{ABBE717B-7996-429C-8170-E21EE9B387CA}.Release|Any CPU.ActiveCfg = Release|Any CPU
		{ABBE717B-7996-429C-8170-E21EE9B387CA}.Release|Any CPU.Build.0 = Release|Any CPU
		{6285F51C-0AEC-4EEE-8854-CBB48C4CB280}.Debug|Any CPU.ActiveCfg = Debug|Any CPU
		{6285F51C-0AEC-4EEE-8854-CBB48C4CB280}.Debug|Any CPU.Build.0 = Debug|Any CPU
		{6285F51C-0AEC-4EEE-8854-CBB48C4CB280}.Release|Any CPU.ActiveCfg = Release|Any CPU
		{6285F51C-0AEC-4EEE-8854-CBB48C4CB280}.Release|Any CPU.Build.0 = Release|Any CPU
		{72977A33-98E2-4D0F-BA7D-B3813384DB4E}.Debug|Any CPU.ActiveCfg = Debug|Any CPU
		{72977A33-98E2-4D0F-BA7D-B3813384DB4E}.Debug|Any CPU.Build.0 = Debug|Any CPU
		{72977A33-98E2-4D0F-BA7D-B3813384DB4E}.Release|Any CPU.ActiveCfg = Release|Any CPU
		{72977A33-98E2-4D0F-BA7D-B3813384DB4E}.Release|Any CPU.Build.0 = Release|Any CPU
		{9D87CB83-5112-466C-BB0F-DD4A3CAB1F1E}.Debug|Any CPU.ActiveCfg = Debug|Any CPU
		{9D87CB83-5112-466C-BB0F-DD4A3CAB1F1E}.Debug|Any CPU.Build.0 = Debug|Any CPU
		{9D87CB83-5112-466C-BB0F-DD4A3CAB1F1E}.Release|Any CPU.ActiveCfg = Release|Any CPU
		{9D87CB83-5112-466C-BB0F-DD4A3CAB1F1E}.Release|Any CPU.Build.0 = Release|Any CPU
		{09C0916A-BFFB-4DB4-8F9F-EB86484179C7}.Debug|Any CPU.ActiveCfg = Debug|Any CPU
		{09C0916A-BFFB-4DB4-8F9F-EB86484179C7}.Debug|Any CPU.Build.0 = Debug|Any CPU
		{09C0916A-BFFB-4DB4-8F9F-EB86484179C7}.Release|Any CPU.ActiveCfg = Release|Any CPU
		{09C0916A-BFFB-4DB4-8F9F-EB86484179C7}.Release|Any CPU.Build.0 = Release|Any CPU
	EndGlobalSection
	GlobalSection(SolutionProperties) = preSolution
		HideSolutionNode = FALSE
	EndGlobalSection
	GlobalSection(ExtensibilityGlobals) = postSolution
		SolutionGuid = {46D60CF6-CCBD-416F-AAE6-92F3079DEBBA}
	EndGlobalSection
EndGlobal
