
Microsoft Visual Studio Solution File, Format Version 12.00
# Visual Studio 15
VisualStudioVersion = 15.0.26730.10
MinimumVisualStudioVersion = 10.0.40219.1
Project("{FAE04EC0-301F-11D3-BF4B-00C04F79EFBC}") = "Tailoring Workshop", "Tailoring Workshop\Tailoring Workshop.csproj", "{C9DB03FF-DEAF-4D86-8984-CBD56F998280}"
EndProject
Project("{FAE04EC0-301F-11D3-BF4B-00C04F79EFBC}") = "Scholarship", "Scholarship\Scholarship.csproj", "{9C916DA0-F5CF-4A8D-A0A6-5D69436EC2A3}"
EndProject
Project("{FAE04EC0-301F-11D3-BF4B-00C04F79EFBC}") = "Photo Pictures", "Photo Pictures\Photo Pictures.csproj", "{27687F21-A0D4-4AE7-9574-BBA42C369D19}"
EndProject
Project("{FAE04EC0-301F-11D3-BF4B-00C04F79EFBC}") = "Cake", "Cake\Cake.csproj", "{4C663F01-8A9E-482E-B93A-41513C1EA8C7}"
EndProject
Project("{FAE04EC0-301F-11D3-BF4B-00C04F79EFBC}") = "Snowflake", "Snowflake\Snowflake.csproj", "{804F09B9-26C4-4201-A2B3-9428CF896814}"
EndProject
Project("{FAE04EC0-301F-11D3-BF4B-00C04F79EFBC}") = "Profit", "Profit\Profit.csproj", "{27815BFC-B768-4581-A41A-48B16A612841}"
EndProject
Global
	GlobalSection(SolutionConfigurationPlatforms) = preSolution
		Debug|Any CPU = Debug|Any CPU
		Release|Any CPU = Release|Any CPU
	EndGlobalSection
	GlobalSection(ProjectConfigurationPlatforms) = postSolution
		{C9DB03FF-DEAF-4D86-8984-CBD56F998280}.Debug|Any CPU.ActiveCfg = Debug|Any CPU
		{C9DB03FF-DEAF-4D86-8984-CBD56F998280}.Debug|Any CPU.Build.0 = Debug|Any CPU
		{C9DB03FF-DEAF-4D86-8984-CBD56F998280}.Release|Any CPU.ActiveCfg = Release|Any CPU
		{C9DB03FF-DEAF-4D86-8984-CBD56F998280}.Release|Any CPU.Build.0 = Release|Any CPU
		{9C916DA0-F5CF-4A8D-A0A6-5D69436EC2A3}.Debug|Any CPU.ActiveCfg = Debug|Any CPU
		{9C916DA0-F5CF-4A8D-A0A6-5D69436EC2A3}.Debug|Any CPU.Build.0 = Debug|Any CPU
		{9C916DA0-F5CF-4A8D-A0A6-5D69436EC2A3}.Release|Any CPU.ActiveCfg = Release|Any CPU
		{9C916DA0-F5CF-4A8D-A0A6-5D69436EC2A3}.Release|Any CPU.Build.0 = Release|Any CPU
		{27687F21-A0D4-4AE7-9574-BBA42C369D19}.Debug|Any CPU.ActiveCfg = Debug|Any CPU
		{27687F21-A0D4-4AE7-9574-BBA42C369D19}.Debug|Any CPU.Build.0 = Debug|Any CPU
		{27687F21-A0D4-4AE7-9574-BBA42C369D19}.Release|Any CPU.ActiveCfg = Release|Any CPU
		{27687F21-A0D4-4AE7-9574-BBA42C369D19}.Release|Any CPU.Build.0 = Release|Any CPU
		{4C663F01-8A9E-482E-B93A-41513C1EA8C7}.Debug|Any CPU.ActiveCfg = Debug|Any CPU
		{4C663F01-8A9E-482E-B93A-41513C1EA8C7}.Debug|Any CPU.Build.0 = Debug|Any CPU
		{4C663F01-8A9E-482E-B93A-41513C1EA8C7}.Release|Any CPU.ActiveCfg = Release|Any CPU
		{4C663F01-8A9E-482E-B93A-41513C1EA8C7}.Release|Any CPU.Build.0 = Release|Any CPU
		{804F09B9-26C4-4201-A2B3-9428CF896814}.Debug|Any CPU.ActiveCfg = Debug|Any CPU
		{804F09B9-26C4-4201-A2B3-9428CF896814}.Debug|Any CPU.Build.0 = Debug|Any CPU
		{804F09B9-26C4-4201-A2B3-9428CF896814}.Release|Any CPU.ActiveCfg = Release|Any CPU
		{804F09B9-26C4-4201-A2B3-9428CF896814}.Release|Any CPU.Build.0 = Release|Any CPU
		{27815BFC-B768-4581-A41A-48B16A612841}.Debug|Any CPU.ActiveCfg = Debug|Any CPU
		{27815BFC-B768-4581-A41A-48B16A612841}.Debug|Any CPU.Build.0 = Debug|Any CPU
		{27815BFC-B768-4581-A41A-48B16A612841}.Release|Any CPU.ActiveCfg = Release|Any CPU
		{27815BFC-B768-4581-A41A-48B16A612841}.Release|Any CPU.Build.0 = Release|Any CPU
	EndGlobalSection
	GlobalSection(SolutionProperties) = preSolution
		HideSolutionNode = FALSE
	EndGlobalSection
	GlobalSection(ExtensibilityGlobals) = postSolution
		SolutionGuid = {2E1194A5-90BE-4C18-AD42-2C7A260766E2}
	EndGlobalSection
EndGlobal
