
Microsoft Visual Studio Solution File, Format Version 12.00
# Visual Studio 15
VisualStudioVersion = 15.0.27428.2015
MinimumVisualStudioVersion = 10.0.40219.1
Project("{FAE04EC0-301F-11D3-BF4B-00C04F79EFBC}") = "1.HelloSoftUni", "1.HelloSoftUni\1.HelloSoftUni.csproj", "{F34C75EE-5229-41A5-88A2-41F0ED5E59CC}"
EndProject
Project("{FAE04EC0-301F-11D3-BF4B-00C04F79EFBC}") = "2.Expression", "2.Expression\2.Expression.csproj", "{A8C3FEB9-800B-4004-AAC8-5C907622F01A}"
EndProject
Project("{FAE04EC0-301F-11D3-BF4B-00C04F79EFBC}") = "3.Nums1...20", "3.Nums1...20\3.Nums1...20.csproj", "{8282DB01-5244-41D2-8F9B-C665E53C37FE}"
EndProject
Project("{FAE04EC0-301F-11D3-BF4B-00C04F79EFBC}") = "4.TriangleOf55Stars", "4.TriangleOf55Stars\4.TriangleOf55Stars.csproj", "{B005D1BB-8023-4B85-8F9B-34ACC6FAF692}"
EndProject
Project("{FAE04EC0-301F-11D3-BF4B-00C04F79EFBC}") = "5.RectangleArea", "5.RectangleArea\5.RectangleArea.csproj", "{ADE54DAD-0AFD-46AE-BF68-8E1A70211112}"
EndProject
Project("{FAE04EC0-301F-11D3-BF4B-00C04F79EFBC}") = "6.SquareOfStars", "6.SquareOfStars\6.SquareOfStars.csproj", "{05084C77-1632-4E6B-8476-921933AF938B}"
EndProject
Global
	GlobalSection(SolutionConfigurationPlatforms) = preSolution
		Debug|Any CPU = Debug|Any CPU
		Release|Any CPU = Release|Any CPU
	EndGlobalSection
	GlobalSection(ProjectConfigurationPlatforms) = postSolution
		{F34C75EE-5229-41A5-88A2-41F0ED5E59CC}.Debug|Any CPU.ActiveCfg = Debug|Any CPU
		{F34C75EE-5229-41A5-88A2-41F0ED5E59CC}.Debug|Any CPU.Build.0 = Debug|Any CPU
		{F34C75EE-5229-41A5-88A2-41F0ED5E59CC}.Release|Any CPU.ActiveCfg = Release|Any CPU
		{F34C75EE-5229-41A5-88A2-41F0ED5E59CC}.Release|Any CPU.Build.0 = Release|Any CPU
		{A8C3FEB9-800B-4004-AAC8-5C907622F01A}.Debug|Any CPU.ActiveCfg = Debug|Any CPU
		{A8C3FEB9-800B-4004-AAC8-5C907622F01A}.Debug|Any CPU.Build.0 = Debug|Any CPU
		{A8C3FEB9-800B-4004-AAC8-5C907622F01A}.Release|Any CPU.ActiveCfg = Release|Any CPU
		{A8C3FEB9-800B-4004-AAC8-5C907622F01A}.Release|Any CPU.Build.0 = Release|Any CPU
		{8282DB01-5244-41D2-8F9B-C665E53C37FE}.Debug|Any CPU.ActiveCfg = Debug|Any CPU
		{8282DB01-5244-41D2-8F9B-C665E53C37FE}.Debug|Any CPU.Build.0 = Debug|Any CPU
		{8282DB01-5244-41D2-8F9B-C665E53C37FE}.Release|Any CPU.ActiveCfg = Release|Any CPU
		{8282DB01-5244-41D2-8F9B-C665E53C37FE}.Release|Any CPU.Build.0 = Release|Any CPU
		{B005D1BB-8023-4B85-8F9B-34ACC6FAF692}.Debug|Any CPU.ActiveCfg = Debug|Any CPU
		{B005D1BB-8023-4B85-8F9B-34ACC6FAF692}.Debug|Any CPU.Build.0 = Debug|Any CPU
		{B005D1BB-8023-4B85-8F9B-34ACC6FAF692}.Release|Any CPU.ActiveCfg = Release|Any CPU
		{B005D1BB-8023-4B85-8F9B-34ACC6FAF692}.Release|Any CPU.Build.0 = Release|Any CPU
		{ADE54DAD-0AFD-46AE-BF68-8E1A70211112}.Debug|Any CPU.ActiveCfg = Debug|Any CPU
		{ADE54DAD-0AFD-46AE-BF68-8E1A70211112}.Debug|Any CPU.Build.0 = Debug|Any CPU
		{ADE54DAD-0AFD-46AE-BF68-8E1A70211112}.Release|Any CPU.ActiveCfg = Release|Any CPU
		{ADE54DAD-0AFD-46AE-BF68-8E1A70211112}.Release|Any CPU.Build.0 = Release|Any CPU
		{05084C77-1632-4E6B-8476-921933AF938B}.Debug|Any CPU.ActiveCfg = Debug|Any CPU
		{05084C77-1632-4E6B-8476-921933AF938B}.Debug|Any CPU.Build.0 = Debug|Any CPU
		{05084C77-1632-4E6B-8476-921933AF938B}.Release|Any CPU.ActiveCfg = Release|Any CPU
		{05084C77-1632-4E6B-8476-921933AF938B}.Release|Any CPU.Build.0 = Release|Any CPU
	EndGlobalSection
	GlobalSection(SolutionProperties) = preSolution
		HideSolutionNode = FALSE
	EndGlobalSection
	GlobalSection(ExtensibilityGlobals) = postSolution
		SolutionGuid = {67305A26-2385-4F8A-B8AB-21F06157C234}
	EndGlobalSection
EndGlobal
