
Microsoft Visual Studio Solution File, Format Version 12.00
# Visual Studio 15
VisualStudioVersion = 15.0.26430.16
MinimumVisualStudioVersion = 10.0.40219.1
Project("{FAE04EC0-301F-11D3-BF4B-00C04F79EFBC}") = "Fish Market", "Fish Market\Fish Market.csproj", "{4466F94E-B292-4B71-93BE-F3E1B03B318F}"
EndProject
Project("{FAE04EC0-301F-11D3-BF4B-00C04F79EFBC}") = "Pets", "Pets\Pets.csproj", "{28B39E08-0867-4E1B-B590-93CABD3519F1}"
EndProject
Project("{FAE04EC0-301F-11D3-BF4B-00C04F79EFBC}") = "Vacation", "Vacation\Vacation.csproj", "{17E86611-3D9D-4C93-8832-433822681883}"
EndProject
Project("{FAE04EC0-301F-11D3-BF4B-00C04F79EFBC}") = "Softuni Camp", "Softuni Camp\Softuni Camp.csproj", "{40CC5EF2-1D82-4FEB-B87E-7FC682A1E7F8}"
EndProject
Project("{FAE04EC0-301F-11D3-BF4B-00C04F79EFBC}") = "Fox", "Fox\Fox.csproj", "{B571486E-46B6-4BE3-88E3-F7859BFB7C46}"
EndProject
Project("{FAE04EC0-301F-11D3-BF4B-00C04F79EFBC}") = "Battles", "Battles\Battles.csproj", "{5BB9EF10-6E12-40F7-9131-6BF38BC77F9C}"
EndProject
Project("{FAE04EC0-301F-11D3-BF4B-00C04F79EFBC}") = "Fox 2", "Fox 2\Fox 2.csproj", "{1D4F7E56-5FC5-4ABD-BFC0-CC9F9733D40D}"
EndProject
Global
	GlobalSection(SolutionConfigurationPlatforms) = preSolution
		Debug|Any CPU = Debug|Any CPU
		Release|Any CPU = Release|Any CPU
	EndGlobalSection
	GlobalSection(ProjectConfigurationPlatforms) = postSolution
		{4466F94E-B292-4B71-93BE-F3E1B03B318F}.Debug|Any CPU.ActiveCfg = Debug|Any CPU
		{4466F94E-B292-4B71-93BE-F3E1B03B318F}.Debug|Any CPU.Build.0 = Debug|Any CPU
		{4466F94E-B292-4B71-93BE-F3E1B03B318F}.Release|Any CPU.ActiveCfg = Release|Any CPU
		{4466F94E-B292-4B71-93BE-F3E1B03B318F}.Release|Any CPU.Build.0 = Release|Any CPU
		{28B39E08-0867-4E1B-B590-93CABD3519F1}.Debug|Any CPU.ActiveCfg = Debug|Any CPU
		{28B39E08-0867-4E1B-B590-93CABD3519F1}.Debug|Any CPU.Build.0 = Debug|Any CPU
		{28B39E08-0867-4E1B-B590-93CABD3519F1}.Release|Any CPU.ActiveCfg = Release|Any CPU
		{28B39E08-0867-4E1B-B590-93CABD3519F1}.Release|Any CPU.Build.0 = Release|Any CPU
		{17E86611-3D9D-4C93-8832-433822681883}.Debug|Any CPU.ActiveCfg = Debug|Any CPU
		{17E86611-3D9D-4C93-8832-433822681883}.Debug|Any CPU.Build.0 = Debug|Any CPU
		{17E86611-3D9D-4C93-8832-433822681883}.Release|Any CPU.ActiveCfg = Release|Any CPU
		{17E86611-3D9D-4C93-8832-433822681883}.Release|Any CPU.Build.0 = Release|Any CPU
		{40CC5EF2-1D82-4FEB-B87E-7FC682A1E7F8}.Debug|Any CPU.ActiveCfg = Debug|Any CPU
		{40CC5EF2-1D82-4FEB-B87E-7FC682A1E7F8}.Debug|Any CPU.Build.0 = Debug|Any CPU
		{40CC5EF2-1D82-4FEB-B87E-7FC682A1E7F8}.Release|Any CPU.ActiveCfg = Release|Any CPU
		{40CC5EF2-1D82-4FEB-B87E-7FC682A1E7F8}.Release|Any CPU.Build.0 = Release|Any CPU
		{B571486E-46B6-4BE3-88E3-F7859BFB7C46}.Debug|Any CPU.ActiveCfg = Debug|Any CPU
		{B571486E-46B6-4BE3-88E3-F7859BFB7C46}.Debug|Any CPU.Build.0 = Debug|Any CPU
		{B571486E-46B6-4BE3-88E3-F7859BFB7C46}.Release|Any CPU.ActiveCfg = Release|Any CPU
		{B571486E-46B6-4BE3-88E3-F7859BFB7C46}.Release|Any CPU.Build.0 = Release|Any CPU
		{5BB9EF10-6E12-40F7-9131-6BF38BC77F9C}.Debug|Any CPU.ActiveCfg = Debug|Any CPU
		{5BB9EF10-6E12-40F7-9131-6BF38BC77F9C}.Debug|Any CPU.Build.0 = Debug|Any CPU
		{5BB9EF10-6E12-40F7-9131-6BF38BC77F9C}.Release|Any CPU.ActiveCfg = Release|Any CPU
		{5BB9EF10-6E12-40F7-9131-6BF38BC77F9C}.Release|Any CPU.Build.0 = Release|Any CPU
		{1D4F7E56-5FC5-4ABD-BFC0-CC9F9733D40D}.Debug|Any CPU.ActiveCfg = Debug|Any CPU
		{1D4F7E56-5FC5-4ABD-BFC0-CC9F9733D40D}.Debug|Any CPU.Build.0 = Debug|Any CPU
		{1D4F7E56-5FC5-4ABD-BFC0-CC9F9733D40D}.Release|Any CPU.ActiveCfg = Release|Any CPU
		{1D4F7E56-5FC5-4ABD-BFC0-CC9F9733D40D}.Release|Any CPU.Build.0 = Release|Any CPU
	EndGlobalSection
	GlobalSection(SolutionProperties) = preSolution
		HideSolutionNode = FALSE
	EndGlobalSection
EndGlobal
